
Microsoft Visual Studio Solution File, Format Version 12.00
# Visual Studio Version 17
VisualStudioVersion = 17.9.34723.18
MinimumVisualStudioVersion = 10.0.40219.1
Project("{FAE04EC0-301F-11D3-BF4B-00C04F79EFBC}") = "AG_Materias", "AG_Materias.csproj", "{D825198A-DA31-48A1-9865-46B26B894A39}"
EndProject
Global
	GlobalSection(SolutionConfigurationPlatforms) = preSolution
		Debug|Any CPU = Debug|Any CPU
		Release|Any CPU = Release|Any CPU
	EndGlobalSection
	GlobalSection(ProjectConfigurationPlatforms) = postSolution
		{D825198A-DA31-48A1-9865-46B26B894A39}.Debug|Any CPU.ActiveCfg = Debug|Any CPU
		{D825198A-DA31-48A1-9865-46B26B894A39}.Debug|Any CPU.Build.0 = Debug|Any CPU
		{D825198A-DA31-48A1-9865-46B26B894A39}.Release|Any CPU.ActiveCfg = Release|Any CPU
		{D825198A-DA31-48A1-9865-46B26B894A39}.Release|Any CPU.Build.0 = Release|Any CPU
	EndGlobalSection
	GlobalSection(SolutionProperties) = preSolution
		HideSolutionNode = FALSE
	EndGlobalSection
	GlobalSection(ExtensibilityGlobals) = postSolution
		SolutionGuid = {89DEF971-139F-48FF-BA5D-B9F4B1B43551}
	EndGlobalSection
EndGlobal
